// !$*UTF8*$!
{
	archiveVersion = 1;
	classes = {
	};
	objectVersion = 77;
	objects = {

/* Begin PBXContainerItemProxy section */
		1503C06A2FA1825900A29C20 /* PBXContainerItemProxy */ = {
			isa = PBXContainerItemProxy;
			containerPortal = 1503C0512FA1825200A29C20 /* Project object */;
			proxyType = 1;
			remoteGlobalIDString = 1503C0582FA1825200A29C20;
			remoteInfo = "UTS Cinemas";
		};
		1503C0742FA1825900A29C20 /* PBXContainerItemProxy */ = {
			isa = PBXContainerItemProxy;
			containerPortal = 1503C0512FA1825200A29C20 /* Project object */;
			proxyType = 1;
			remoteGlobalIDString = 1503C0582FA1825200A29C20;
			remoteInfo = "UTS Cinemas";
		};
/* End PBXContainerItemProxy section */

/* Begin PBXFileReference section */
		1503C0592FA1825200A29C20 /* UTS Cinemas.app */ = {isa = PBXFileReference; explicitFileType = wrapper.application; includeInIndex = 0; path = "UTS Cinemas.app"; sourceTree = BUILT_PRODUCTS_DIR; };
		1503C0692FA1825900A29C20 /* UTS CinemasTests.xctest */ = {isa = PBXFileReference; explicitFileType = wrapper.cfbundle; includeInIndex = 0; path = "UTS CinemasTests.xctest"; sourceTree = BUILT_PRODUCTS_DIR; };
		1503C0732FA1825900A29C20 /* UTS CinemasUITests.xctest */ = {isa = PBXFileReference; explicitFileType = wrapper.cfbundle; includeInIndex = 0; path = "UTS CinemasUITests.xctest"; sourceTree = BUILT_PRODUCTS_DIR; };
/* End PBXFileReference section */

/* Begin PBXFileSystemSynchronizedRootGroup section */
		1503C05B2FA1825200A29C20 /* UTS Cinemas */ = {
			isa = PBXFileSystemSynchronizedRootGroup;
			path = "UTS Cinemas";
			sourceTree = "<group>";
		};
		1503C06C2FA1825900A29C20 /* UTS CinemasTests */ = {
			isa = PBXFileSystemSynchronizedRootGroup;
			path = "UTS CinemasTests";
			sourceTree = "<group>";
		};
		1503C0762FA1825900A29C20 /* UTS CinemasUITests */ = {
			isa = PBXFileSystemSynchronizedRootGroup;
			path = "UTS CinemasUITests";
			sourceTree = "<group>";
		};
/* End PBXFileSystemSynchronizedRootGroup section */

/* Begin PBXFrameworksBuildPhase section */
		1503C0562FA1825200A29C20 /* Frameworks */ = {
			isa = PBXFrameworksBuildPhase;
			buildActionMask = 2147483647;
			files = (
			);
			runOnlyForDeploymentPostprocessing = 0;
		};
		1503C0662FA1825900A29C20 /* Frameworks */ = {
			isa = PBXFrameworksBuildPhase;
			buildActionMask = 2147483647;
			files = (
			);
			runOnlyForDeploymentPostprocessing = 0;
		};
		1503C0702FA1825900A29C20 /* Frameworks */ = {
			isa = PBXFrameworksBuildPhase;
			buildActionMask = 2147483647;
			files = (
			);
			runOnlyForDeploymentPostprocessing = 0;
		};
/* End PBXFrameworksBuildPhase section */

/* Begin PBXGroup section */
		1503C0502FA1825200A29C20 = {
			isa = PBXGroup;
			children = (
				1503C05B2FA1825200A29C20 /* UTS Cinemas */,
				1503C06C2FA1825900A29C20 /* UTS CinemasTests */,
				1503C0762FA1825900A29C20 /* UTS CinemasUITests */,
				1503C05A2FA1825200A29C20 /* Products */,
			);
			sourceTree = "<group>";
		};
		1503C05A2FA1825200A29C20 /* Products */ = {
			isa = PBXGroup;
			children = (
				1503C0592FA1825200A29C20 /* UTS Cinemas.app */,
				1503C0692FA1825900A29C20 /* UTS CinemasTests.xctest */,
				1503C0732FA1825900A29C20 /* UTS CinemasUITests.xctest */,
			);
			name = Products;
			sourceTree = "<group>";
		};
/* End PBXGroup section */

/* Begin PBXNativeTarget section */
		1503C0582FA1825200A29C20 /* UTS Cinemas */ = {
			isa = PBXNativeTarget;
			buildConfigurationList = 1503C07D2FA1825900A29C20 /* Build configuration list for PBXNativeTarget "UTS Cinemas" */;
			buildPhases = (
				1503C0552FA1825200A29C20 /* Sources */,
				1503C0562FA1825200A29C20 /* Frameworks */,
				1503C0572FA1825200A29C20 /* Resources */,
			);
			buildRules = (
			);
			dependencies = (
			);
			fileSystemSynchronizedGroups = (
				1503C05B2FA1825200A29C20 /* UTS Cinemas */,
			);
			name = "UTS Cinemas";
			packageProductDependencies = (
			);
			productName = "UTS Cinemas";
			productReference = 1503C0592FA1825200A29C20 /* UTS Cinemas.app */;
			productType = "com.apple.product-type.application";
		};
		1503C0682FA1825900A29C20 /* UTS CinemasTests */ = {
			isa = PBXNativeTarget;
			buildConfigurationList = 1503C0802FA1825900A29C20 /* Build configuration list for PBXNativeTarget "UTS CinemasTests" */;
			buildPhases = (
				1503C0652FA1825900A29C20 /* Sources */,
				1503C0662FA1825900A29C20 /* Frameworks */,
				1503C0672FA1825900A29C20 /* Resources */,
			);
			buildRules = (
			);
			dependencies = (
				1503C06B2FA1825900A29C20 /* PBXTargetDependency */,
			);
			fileSystemSynchronizedGroups = (
				1503C06C2FA1825900A29C20 /* UTS CinemasTests */,
			);
			name = "UTS CinemasTests";
			packageProductDependencies = (
			);
			productName = "UTS CinemasTests";
			productReference = 1503C0692FA1825900A29C20 /* UTS CinemasTests.xctest */;
			productType = "com.apple.product-type.bundle.unit-test";
		};
		1503C0722FA1825900A29C20 /* UTS CinemasUITests */ = {
			isa = PBXNativeTarget;
			buildConfigurationList = 1503C0832FA1825900A29C20 /* Build configuration list for PBXNativeTarget "UTS CinemasUITests" */;
			buildPhases = (
				1503C06F2FA1825900A29C20 /* Sources */,
				1503C0702FA1825900A29C20 /* Frameworks */,
				1503C0712FA1825900A29C20 /* Resources */,
			);
			buildRules = (
			);
			dependencies = (
				1503C0752FA1825900A29C20 /* PBXTargetDependency */,
			);
			fileSystemSynchronizedGroups = (
				1503C0762FA1825900A29C20 /* UTS CinemasUITests */,
			);
			name = "UTS CinemasUITests";
			packageProductDependencies = (
			);
			productName = "UTS CinemasUITests";
			productReference = 1503C0732FA1825900A29C20 /* UTS CinemasUITests.xctest */;
			productType = "com.apple.product-type.bundle.ui-testing";
		};
/* End PBXNativeTarget section */

/* Begin PBXProject section */
		1503C0512FA1825200A29C20 /* Project object */ = {
			isa = PBXProject;
			attributes = {
				BuildIndependentTargetsInParallel = 1;
				LastSwiftUpdateCheck = 1620;
				LastUpgradeCheck = 1620;
				TargetAttributes = {
					1503C0582FA1825200A29C20 = {
						CreatedOnToolsVersion = 16.2;
					};
					1503C0682FA1825900A29C20 = {
						CreatedOnToolsVersion = 16.2;
						TestTargetID = 1503C0582FA1825200A29C20;
					};
					1503C0722FA1825900A29C20 = {
						CreatedOnToolsVersion = 16.2;
						TestTargetID = 1503C0582FA1825200A29C20;
					};
				};
			};
			buildConfigurationList = 1503C0542FA1825200A29C20 /* Build configuration list for PBXProject "UTS Cinemas" */;
			developmentRegion = en;
			hasScannedForEncodings = 0;
			knownRegions = (
				en,
				Base,
			);
			mainGroup = 1503C0502FA1825200A29C20;
			minimizedProjectReferenceProxies = 1;
			preferredProjectObjectVersion = 77;
			productRefGroup = 1503C05A2FA1825200A29C20 /* Products */;
			projectDirPath = "";
			projectRoot = "";
			targets = (
				1503C0582FA1825200A29C20 /* UTS Cinemas */,
				1503C0682FA1825900A29C20 /* UTS CinemasTests */,
				1503C0722FA1825900A29C20 /* UTS CinemasUITests */,
			);
		};
/* End PBXProject section */

/* Begin PBXResourcesBuildPhase section */
		1503C0572FA1825200A29C20 /* Resources */ = {
			isa = PBXResourcesBuildPhase;
			buildActionMask = 2147483647;
			files = (
			);
			runOnlyForDeploymentPostprocessing = 0;
		};
		1503C0672FA1825900A29C20 /* Resources */ = {
			isa = PBXResourcesBuildPhase;
			buildActionMask = 2147483647;
			files = (
			);
			runOnlyForDeploymentPostprocessing = 0;
		};
		1503C0712FA1825900A29C20 /* Resources */ = {
			isa = PBXResourcesBuildPhase;
			buildActionMask = 2147483647;
			files = (
			);
			runOnlyForDeploymentPostprocessing = 0;
		};
/* End PBXResourcesBuildPhase section */

/* Begin PBXSourcesBuildPhase section */
		1503C0552FA1825200A29C20 /* Sources */ = {
			isa = PBXSourcesBuildPhase;
			buildActionMask = 2147483647;
			files = (
			);
			runOnlyForDeploymentPostprocessing = 0;
		};
		1503C0652FA1825900A29C20 /* Sources */ = {
			isa = PBXSourcesBuildPhase;
			buildActionMask = 2147483647;
			files = (
			);
			runOnlyForDeploymentPostprocessing = 0;
		};
		1503C06F2FA1825900A29C20 /* Sources */ = {
			isa = PBXSourcesBuildPhase;
			buildActionMask = 2147483647;
			files = (
			);
			runOnlyForDeploymentPostprocessing = 0;
		};
/* End PBXSourcesBuildPhase section */

/* Begin PBXTargetDependency section */
		1503C06B2FA1825900A29C20 /* PBXTargetDependency */ = {
			isa = PBXTargetDependency;
			target = 1503C0582FA1825200A29C20 /* UTS Cinemas */;
			targetProxy = 1503C06A2FA1825900A29C20 /* PBXContainerItemProxy */;
		};
		1503C0752FA1825900A29C20 /* PBXTargetDependency */ = {
			isa = PBXTargetDependency;
			target = 1503C0582FA1825200A29C20 /* UTS Cinemas */;
			targetProxy = 1503C0742FA1825900A29C20 /* PBXContainerItemProxy */;
		};
/* End PBXTargetDependency section */

/* Begin XCBuildConfiguration section */
		1503C07B2FA1825900A29C20 /* Debug */ = {
			isa = XCBuildConfiguration;
			buildSettings = {
				ALWAYS_SEARCH_USER_PATHS = NO;
				ASSETCATALOG_COMPILER_GENERATE_SWIFT_ASSET_SYMBOL_EXTENSIONS = YES;
				CLANG_ANALYZER_NONNULL = YES;
				CLANG_ANALYZER_NUMBER_OBJECT_CONVERSION = YES_AGGRESSIVE;
				CLANG_CXX_LANGUAGE_STANDARD = "gnu++20";
				CLANG_ENABLE_MODULES = YES;
				CLANG_ENABLE_OBJC_ARC = YES;
				CLANG_ENABLE_OBJC_WEAK = YES;
				CLANG_WARN_BLOCK_CAPTURE_AUTORELEASING = YES;
				CLANG_WARN_BOOL_CONVERSION = YES;
				CLANG_WARN_COMMA = YES;
				CLANG_WARN_CONSTANT_CONVERSION = YES;
				CLANG_WARN_DEPRECATED_OBJC_IMPLEMENTATIONS = YES;
				CLANG_WARN_DIRECT_OBJC_ISA_USAGE = YES_ERROR;
				CLANG_WARN_DOCUMENTATION_COMMENTS = YES;
				CLANG_WARN_EMPTY_BODY = YES;
				CLANG_WARN_ENUM_CONVERSION = YES;
				CLANG_WARN_INFINITE_RECURSION = YES;
				CLANG_WARN_INT_CONVERSION = YES;
				CLANG_WARN_NON_LITERAL_NULL_CONVERSION = YES;
				CLANG_WARN_OBJC_IMPLICIT_RETAIN_SELF = YES;
				CLANG_WARN_OBJC_LITERAL_CONVERSION = YES;
				CLANG_WARN_OBJC_ROOT_CLASS = YES_ERROR;
				CLANG_WARN_QUOTED_INCLUDE_IN_FRAMEWORK_HEADER = YES;
				CLANG_WARN_RANGE_LOOP_ANALYSIS = YES;
				CLANG_WARN_STRICT_PROTOTYPES = YES;
				CLANG_WARN_SUSPICIOUS_MOVE = YES;
				CLANG_WARN_UNGUARDED_AVAILABILITY = YES_AGGRESSIVE;
				CLANG_WARN_UNREACHABLE_CODE = YES;
				CLANG_WARN__DUPLICATE_METHOD_MATCH = YES;
				COPY_PHASE_STRIP = NO;
				DEBUG_INFORMATION_FORMAT = dwarf;
				ENABLE_STRICT_OBJC_MSGSEND = YES;
				ENABLE_TESTABILITY = YES;
				ENABLE_USER_SCRIPT_SANDBOXING = YES;
				GCC_C_LANGUAGE_STANDARD = gnu17;
				GCC_DYNAMIC_NO_PIC = NO;
				GCC_NO_COMMON_BLOCKS = YES;
				GCC_OPTIMIZATION_LEVEL = 0;
				GCC_PREPROCESSOR_DEFINITIONS = (
					"DEBUG=1",
					"$(inherited)",
				);
				GCC_WARN_64_TO_32_BIT_CONVERSION = YES;
				GCC_WARN_ABOUT_RETURN_TYPE = YES_ERROR;
				GCC_WARN_UNDECLARED_SELECTOR = YES;
				GCC_WARN_UNINITIALIZED_AUTOS = YES_AGGRESSIVE;
				GCC_WARN_UNUSED_FUNCTION = YES;
				GCC_WARN_UNUSED_VARIABLE = YES;
				IPHONEOS_DEPLOYMENT_TARGET = 18.2;
				LOCALIZATION_PREFERS_STRING_CATALOGS = YES;
				MTL_ENABLE_DEBUG_INFO = INCLUDE_SOURCE;
				MTL_FAST_MATH = YES;
				ONLY_ACTIVE_ARCH = YES;
				SDKROOT = iphoneos;
				SWIFT_ACTIVE_COMPILATION_CONDITIONS = "DEBUG $(inherited)";
				SWIFT_OPTIMIZATION_LEVEL = "-Onone";
			};
			name = Debug;
		};
		1503C07C2FA1825900A29C20 /* Release */ = {
			isa = XCBuildConfiguration;
			buildSettings = {
				ALWAYS_SEARCH_USER_PATHS = NO;
				ASSETCATALOG_COMPILER_GENERATE_SWIFT_ASSET_SYMBOL_EXTENSIONS = YES;
				CLANG_ANALYZER_NONNULL = YES;
				CLANG_ANALYZER_NUMBER_OBJECT_CONVERSION = YES_AGGRESSIVE;
				CLANG_CXX_LANGUAGE_STANDARD = "gnu++20";
				CLANG_ENABLE_MODULES = YES;
				CLANG_ENABLE_OBJC_ARC = YES;
				CLANG_ENABLE_OBJC_WEAK = YES;
				CLANG_WARN_BLOCK_CAPTURE_AUTORELEASING = YES;
				CLANG_WARN_BOOL_CONVERSION = YES;
				CLANG_WARN_COMMA = YES;
				CLANG_WARN_CONSTANT_CONVERSION = YES;
				CLANG_WARN_DEPRECATED_OBJC_IMPLEMENTATIONS = YES;
				CLANG_WARN_DIRECT_OBJC_ISA_USAGE = YES_ERROR;
				CLANG_WARN_DOCUMENTATION_COMMENTS = YES;
				CLANG_WARN_EMPTY_BODY = YES;
				CLANG_WARN_ENUM_CONVERSION = YES;
				CLANG_WARN_INFINITE_RECURSION = YES;
				CLANG_WARN_INT_CONVERSION = YES;
				CLANG_WARN_NON_LITERAL_NULL_CONVERSION = YES;
				CLANG_WARN_OBJC_IMPLICIT_RETAIN_SELF = YES;
				CLANG_WARN_OBJC_LITERAL_CONVERSION = YES;
				CLANG_WARN_OBJC_ROOT_CLASS = YES_ERROR;
				CLANG_WARN_QUOTED_INCLUDE_IN_FRAMEWORK_HEADER = YES;
				CLANG_WARN_RANGE_LOOP_ANALYSIS = YES;
				CLANG_WARN_STRICT_PROTOTYPES = YES;
				CLANG_WARN_SUSPICIOUS_MOVE = YES;
				CLANG_WARN_UNGUARDED_AVAILABILITY = YES_AGGRESSIVE;
				CLANG_WARN_UNREACHABLE_CODE = YES;
				CLANG_WARN__DUPLICATE_METHOD_MATCH = YES;
				COPY_PHASE_STRIP = NO;
				DEBUG_INFORMATION_FORMAT = "dwarf-with-dsym";
				ENABLE_NS_ASSERTIONS = NO;
				ENABLE_STRICT_OBJC_MSGSEND = YES;
				ENABLE_USER_SCRIPT_SANDBOXING = YES;
				GCC_C_LANGUAGE_STANDARD = gnu17;
				GCC_NO_COMMON_BLOCKS = YES;
				GCC_WARN_64_TO_32_BIT_CONVERSION = YES;
				GCC_WARN_ABOUT_RETURN_TYPE = YES_ERROR;
				GCC_WARN_UNDECLARED_SELECTOR = YES;
				GCC_WARN_UNINITIALIZED_AUTOS = YES_AGGRESSIVE;
				GCC_WARN_UNUSED_FUNCTION = YES;
				GCC_WARN_UNUSED_VARIABLE = YES;
				IPHONEOS_DEPLOYMENT_TARGET = 18.2;
				LOCALIZATION_PREFERS_STRING_CATALOGS = YES;
				MTL_ENABLE_DEBUG_INFO = NO;
				MTL_FAST_MATH = YES;
				SDKROOT = iphoneos;
				SWIFT_COMPILATION_MODE = wholemodule;
				VALIDATE_PRODUCT = YES;
			};
			name = Release;
		};
		1503C07E2FA1825900A29C20 /* Debug */ = {
			isa = XCBuildConfiguration;
			buildSettings = {
				ASSETCATALOG_COMPILER_APPICON_NAME = AppIcon;
				ASSETCATALOG_COMPILER_GLOBAL_ACCENT_COLOR_NAME = AccentColor;
				CODE_SIGN_STYLE = Automatic;
				CURRENT_PROJECT_VERSION = 1;
				DEVELOPMENT_ASSET_PATHS = "\"UTS Cinemas/Preview Content\"";
				ENABLE_PREVIEWS = YES;
				GENERATE_INFOPLIST_FILE = YES;
				INFOPLIST_KEY_UIApplicationSceneManifest_Generation = YES;
				INFOPLIST_KEY_UIApplicationSupportsIndirectInputEvents = YES;
				INFOPLIST_KEY_UILaunchScreen_Generation = YES;
				INFOPLIST_KEY_UISupportedInterfaceOrientations_iPad = "UIInterfaceOrientationPortrait UIInterfaceOrientationPortraitUpsideDown UIInterfaceOrientationLandscapeLeft UIInterfaceOrientationLandscapeRight";
				INFOPLIST_KEY_UISupportedInterfaceOrientations_iPhone = "UIInterfaceOrientationPortrait UIInterfaceOrientationLandscapeLeft UIInterfaceOrientationLandscapeRight";
				LD_RUNPATH_SEARCH_PATHS = (
					"$(inherited)",
					"@executable_path/Frameworks",
				);
				MARKETING_VERSION = 1.0;
				PRODUCT_BUNDLE_IDENTIFIER = "Java.UTS-Cinemas";
				PRODUCT_NAME = "$(TARGET_NAME)";
				SWIFT_EMIT_LOC_STRINGS = YES;
				SWIFT_VERSION = 5.0;
				TARGETED_DEVICE_FAMILY = "1,2";
			};
			name = Debug;
		};
		1503C07F2FA1825900A29C20 /* Release */ = {
			isa = XCBuildConfiguration;
			buildSettings = {
				ASSETCATALOG_COMPILER_APPICON_NAME = AppIcon;
				ASSETCATALOG_COMPILER_GLOBAL_ACCENT_COLOR_NAME = AccentColor;
				CODE_SIGN_STYLE = Automatic;
				CURRENT_PROJECT_VERSION = 1;
				DEVELOPMENT_ASSET_PATHS = "\"UTS Cinemas/Preview Content\"";
				ENABLE_PREVIEWS = YES;
				GENERATE_INFOPLIST_FILE = YES;
				INFOPLIST_KEY_UIApplicationSceneManifest_Generation = YES;
				INFOPLIST_KEY_UIApplicationSupportsIndirectInputEvents = YES;
				INFOPLIST_KEY_UILaunchScreen_Generation = YES;
				INFOPLIST_KEY_UISupportedInterfaceOrientations_iPad = "UIInterfaceOrientationPortrait UIInterfaceOrientationPortraitUpsideDown UIInterfaceOrientationLandscapeLeft UIInterfaceOrientationLandscapeRight";
				INFOPLIST_KEY_UISupportedInterfaceOrientations_iPhone = "UIInterfaceOrientationPortrait UIInterfaceOrientationLandscapeLeft UIInterfaceOrientationLandscapeRight";
				LD_RUNPATH_SEARCH_PATHS = (
					"$(inherited)",
					"@executable_path/Frameworks",
				);
				MARKETING_VERSION = 1.0;
				PRODUCT_BUNDLE_IDENTIFIER = "Java.UTS-Cinemas";
				PRODUCT_NAME = "$(TARGET_NAME)";
				SWIFT_EMIT_LOC_STRINGS = YES;
				SWIFT_VERSION = 5.0;
				TARGETED_DEVICE_FAMILY = "1,2";
			};
			name = Release;
		};
		1503C0812FA1825900A29C20 /* Debug */ = {
			isa = XCBuildConfiguration;
			buildSettings = {
				BUNDLE_LOADER = "$(TEST_HOST)";
				CODE_SIGN_STYLE = Automatic;
				CURRENT_PROJECT_VERSION = 1;
				GENERATE_INFOPLIST_FILE = YES;
				IPHONEOS_DEPLOYMENT_TARGET = 18.2;
				MARKETING_VERSION = 1.0;
				PRODUCT_BUNDLE_IDENTIFIER = "Java.UTS-CinemasTests";
				PRODUCT_NAME = "$(TARGET_NAME)";
				SWIFT_EMIT_LOC_STRINGS = NO;
				SWIFT_VERSION = 5.0;
				TARGETED_DEVICE_FAMILY = "1,2";
				TEST_HOST = "$(BUILT_PRODUCTS_DIR)/UTS Cinemas.app/$(BUNDLE_EXECUTABLE_FOLDER_PATH)/UTS Cinemas";
			};
			name = Debug;
		};
		1503C0822FA1825900A29C20 /* Release */ = {
			isa = XCBuildConfiguration;
			buildSettings = {
				BUNDLE_LOADER = "$(TEST_HOST)";
				CODE_SIGN_STYLE = Automatic;
				CURRENT_PROJECT_VERSION = 1;
				GENERATE_INFOPLIST_FILE = YES;
				IPHONEOS_DEPLOYMENT_TARGET = 18.2;
				MARKETING_VERSION = 1.0;
				PRODUCT_BUNDLE_IDENTIFIER = "Java.UTS-CinemasTests";
				PRODUCT_NAME = "$(TARGET_NAME)";
				SWIFT_EMIT_LOC_STRINGS = NO;
				SWIFT_VERSION = 5.0;
				TARGETED_DEVICE_FAMILY = "1,2";
				TEST_HOST = "$(BUILT_PRODUCTS_DIR)/UTS Cinemas.app/$(BUNDLE_EXECUTABLE_FOLDER_PATH)/UTS Cinemas";
			};
			name = Release;
		};
		1503C0842FA1825900A29C20 /* Debug */ = {
			isa = XCBuildConfiguration;
			buildSettings = {
				CODE_SIGN_STYLE = Automatic;
				CURRENT_PROJECT_VERSION = 1;
				GENERATE_INFOPLIST_FILE = YES;
				MARKETING_VERSION = 1.0;
				PRODUCT_BUNDLE_IDENTIFIER = "Java.UTS-CinemasUITests";
				PRODUCT_NAME = "$(TARGET_NAME)";
				SWIFT_EMIT_LOC_STRINGS = NO;
				SWIFT_VERSION = 5.0;
				TARGETED_DEVICE_FAMILY = "1,2";
				TEST_TARGET_NAME = "UTS Cinemas";
			};
			name = Debug;
		};
		1503C0852FA1825900A29C20 /* Release */ = {
			isa = XCBuildConfiguration;
			buildSettings = {
				CODE_SIGN_STYLE = Automatic;
				CURRENT_PROJECT_VERSION = 1;
				GENERATE_INFOPLIST_FILE = YES;
				MARKETING_VERSION = 1.0;
				PRODUCT_BUNDLE_IDENTIFIER = "Java.UTS-CinemasUITests";
				PRODUCT_NAME = "$(TARGET_NAME)";
				SWIFT_EMIT_LOC_STRINGS = NO;
				SWIFT_VERSION = 5.0;
				TARGETED_DEVICE_FAMILY = "1,2";
				TEST_TARGET_NAME = "UTS Cinemas";
			};
			name = Release;
		};
/* End XCBuildConfiguration section */

/* Begin XCConfigurationList section */
		1503C0542FA1825200A29C20 /* Build configuration list for PBXProject "UTS Cinemas" */ = {
			isa = XCConfigurationList;
			buildConfigurations = (
				1503C07B2FA1825900A29C20 /* Debug */,
				1503C07C2FA1825900A29C20 /* Release */,
			);
			defaultConfigurationIsVisible = 0;
			defaultConfigurationName = Release;
		};
		1503C07D2FA1825900A29C20 /* Build configuration list for PBXNativeTarget "UTS Cinemas" */ = {
			isa = XCConfigurationList;
			buildConfigurations = (
				1503C07E2FA1825900A29C20 /* Debug */,
				1503C07F2FA1825900A29C20 /* Release */,
			);
			defaultConfigurationIsVisible = 0;
			defaultConfigurationName = Release;
		};
		1503C0802FA1825900A29C20 /* Build configuration list for PBXNativeTarget "UTS CinemasTests" */ = {
			isa = XCConfigurationList;
			buildConfigurations = (
				1503C0812FA1825900A29C20 /* Debug */,
				1503C0822FA1825900A29C20 /* Release */,
			);
			defaultConfigurationIsVisible = 0;
			defaultConfigurationName = Release;
		};
		1503C0832FA1825900A29C20 /* Build configuration list for PBXNativeTarget "UTS CinemasUITests" */ = {
			isa = XCConfigurationList;
			buildConfigurations = (
				1503C0842FA1825900A29C20 /* Debug */,
				1503C0852FA1825900A29C20 /* Release */,
			);
			defaultConfigurationIsVisible = 0;
			defaultConfigurationName = Release;
		};
/* End XCConfigurationList section */
	};
	rootObject = 1503C0512FA1825200A29C20 /* Project object */;
}
